
Microsoft Visual Studio Solution File, Format Version 12.00
# Visual Studio Version 17
VisualStudioVersion = 17.13.35825.156 d17.13
MinimumVisualStudioVersion = 10.0.40219.1
Project("{FAE04EC0-301F-11D3-BF4B-00C04F79EFBC}") = "CommonUtils", "CommonUtils.csproj", "{566B756E-62BA-4F49-B608-FCDC2E8AC8F9}"
EndProject
Global
	GlobalSection(SolutionConfigurationPlatforms) = preSolution
		Debug|Any CPU = Debug|Any CPU
		Release|Any CPU = Release|Any CPU
	EndGlobalSection
	GlobalSection(ProjectConfigurationPlatforms) = postSolution
		{566B756E-62BA-4F49-B608-FCDC2E8AC8F9}.Debug|Any CPU.ActiveCfg = Debug|Any CPU
		{566B756E-62BA-4F49-B608-FCDC2E8AC8F9}.Debug|Any CPU.Build.0 = Debug|Any CPU
		{566B756E-62BA-4F49-B608-FCDC2E8AC8F9}.Release|Any CPU.ActiveCfg = Release|Any CPU
		{566B756E-62BA-4F49-B608-FCDC2E8AC8F9}.Release|Any CPU.Build.0 = Release|Any CPU
	EndGlobalSection
	GlobalSection(SolutionProperties) = preSolution
		HideSolutionNode = FALSE
	EndGlobalSection
	GlobalSection(ExtensibilityGlobals) = postSolution
		SolutionGuid = {4FBC79A3-13F6-4FD4-AC6D-FD63646C7852}
	EndGlobalSection
EndGlobal
